
Microsoft Visual Studio Solution File, Format Version 12.00
# Visual Studio Version 17
VisualStudioVersion = 17.7.34302.85
MinimumVisualStudioVersion = 10.0.40219.1
Project("{FAE04EC0-301F-11D3-BF4B-00C04F79EFBC}") = "LiveCodingChallenge", "LiveCodingChallenge\LiveCodingChallenge.csproj", "{5CFFF61E-4EA8-4A5E-977B-651A36ACB349}"
EndProject
Global
	GlobalSection(SolutionConfigurationPlatforms) = preSolution
		Debug|Any CPU = Debug|Any CPU
		Release|Any CPU = Release|Any CPU
	EndGlobalSection
	GlobalSection(ProjectConfigurationPlatforms) = postSolution
		{5CFFF61E-4EA8-4A5E-977B-651A36ACB349}.Debug|Any CPU.ActiveCfg = Debug|Any CPU
		{5CFFF61E-4EA8-4A5E-977B-651A36ACB349}.Debug|Any CPU.Build.0 = Debug|Any CPU
		{5CFFF61E-4EA8-4A5E-977B-651A36ACB349}.Release|Any CPU.ActiveCfg = Release|Any CPU
		{5CFFF61E-4EA8-4A5E-977B-651A36ACB349}.Release|Any CPU.Build.0 = Release|Any CPU
	EndGlobalSection
	GlobalSection(SolutionProperties) = preSolution
		HideSolutionNode = FALSE
	EndGlobalSection
	GlobalSection(ExtensibilityGlobals) = postSolution
		SolutionGuid = {E527BEFC-7076-44DA-B313-6519FF102919}
	EndGlobalSection
EndGlobal
